
Microsoft Visual Studio Solution File, Format Version 12.00
# Visual Studio 15
VisualStudioVersion = 15.0.28010.2019
MinimumVisualStudioVersion = 10.0.40219.1
Project("{FAE04EC0-301F-11D3-BF4B-00C04F79EFBC}") = "VesselCrudProject", "VesselCrudProject\VesselCrudProject.csproj", "{6A734744-E855-4187-A92B-988202B34493}"
EndProject
Global
	GlobalSection(SolutionConfigurationPlatforms) = preSolution
		Debug|Any CPU = Debug|Any CPU
		Release|Any CPU = Release|Any CPU
	EndGlobalSection
	GlobalSection(ProjectConfigurationPlatforms) = postSolution
		{6A734744-E855-4187-A92B-988202B34493}.Debug|Any CPU.ActiveCfg = Debug|Any CPU
		{6A734744-E855-4187-A92B-988202B34493}.Debug|Any CPU.Build.0 = Debug|Any CPU
		{6A734744-E855-4187-A92B-988202B34493}.Release|Any CPU.ActiveCfg = Release|Any CPU
		{6A734744-E855-4187-A92B-988202B34493}.Release|Any CPU.Build.0 = Release|Any CPU
	EndGlobalSection
	GlobalSection(SolutionProperties) = preSolution
		HideSolutionNode = FALSE
	EndGlobalSection
	GlobalSection(ExtensibilityGlobals) = postSolution
		SolutionGuid = {B2323EE3-7D18-475E-8C01-1915FA75D3C9}
	EndGlobalSection
EndGlobal
